
Microsoft Visual Studio Solution File, Format Version 12.00
# Visual Studio Version 17
VisualStudioVersion = 17.9.34616.47
MinimumVisualStudioVersion = 10.0.40219.1
Project("{FAE04EC0-301F-11D3-BF4B-00C04F79EFBC}") = "MyApp", "MyApp\MyApp.csproj", "{1C030DAB-DBA4-4433-8B3B-53AD7EF5924A}"
EndProject
Global
	GlobalSection(SolutionConfigurationPlatforms) = preSolution
		Debug|Any CPU = Debug|Any CPU
		Release|Any CPU = Release|Any CPU
	EndGlobalSection
	GlobalSection(ProjectConfigurationPlatforms) = postSolution
		{1C030DAB-DBA4-4433-8B3B-53AD7EF5924A}.Debug|Any CPU.ActiveCfg = Debug|Any CPU
		{1C030DAB-DBA4-4433-8B3B-53AD7EF5924A}.Debug|Any CPU.Build.0 = Debug|Any CPU
		{1C030DAB-DBA4-4433-8B3B-53AD7EF5924A}.Release|Any CPU.ActiveCfg = Release|Any CPU
		{1C030DAB-DBA4-4433-8B3B-53AD7EF5924A}.Release|Any CPU.Build.0 = Release|Any CPU
	EndGlobalSection
	GlobalSection(SolutionProperties) = preSolution
		HideSolutionNode = FALSE
	EndGlobalSection
	GlobalSection(ExtensibilityGlobals) = postSolution
		SolutionGuid = {2C04B0FC-3CE2-46EC-8714-AF630C542EA3}
	EndGlobalSection
EndGlobal
